{
  "object": {
    "pins": [
      {
        "package": "Hope",
        "repositoryURL": "https://github.com/screensailor/Hope",
        "state": {
          "branch": "trunk",
          "revision": "b76209cf412ba8a78941a298ff0c5d2a58cc4e6a",
          "version": null
        }
      },
      {
        "package": "Lexicon",
        "repositoryURL": "https://github.com/thousandyears/Lexicon",
        "state": {
          "branch": "trunk",
          "revision": "e4b2681dde4755154eed23dcef89f594ead0565e",
          "version": null
        }
      },
      {
        "package": "swift-algorithms",
        "repositoryURL": "https://github.com/apple/swift-algorithms",
        "state": {
          "branch": null,
          "revision": "b14b7f4c528c942f121c8b860b9410b2bf57825e",
          "version": "1.0.0"
        }
      },
      {
        "package": "swift-argument-parser",
        "repositoryURL": "https://github.com/apple/swift-argument-parser",
        "state": {
          "branch": null,
          "revision": "8f4d2753f0e4778c76d5f05ad16c74f707390531",
          "version": "1.2.3"
        }
      },
      {
        "package": "swift-collections",
        "repositoryURL": "https://github.com/apple/swift-collections",
        "state": {
          "branch": null,
          "revision": "937e904258d22af6e447a0b72c0bc67583ef64a2",
          "version": "1.0.4"
        }
      },
      {
        "package": "swift-numerics",
        "repositoryURL": "https://github.com/apple/swift-numerics",
        "state": {
          "branch": null,
          "revision": "0a5bc04095a675662cf24757cc0640aa2204253b",
          "version": "1.0.2"
        }
      }
    ]
  },
  "version": 1
}
