{
  "object": {
    "pins": [
      {
        "package": "Hope",
        "repositoryURL": "https://github.com/screensailor/Hope",
        "state": {
          "branch": "trunk",
          "revision": "b76209cf412ba8a78941a298ff0c5d2a58cc4e6a",
          "version": null
        }
      },
      {
        "package": "Lexicon",
        "repositoryURL": "https://github.com/screensailor/Lexicon",
        "state": {
          "branch": "trunk",
          "revision": "5de19f53a77011af90ccaab677b93f7806191bac",
          "version": null
        }
      },
      {
        "package": "swift-algorithms",
        "repositoryURL": "https://github.com/apple/swift-algorithms",
        "state": {
          "branch": null,
          "revision": "b14b7f4c528c942f121c8b860b9410b2bf57825e",
          "version": "1.0.0"
        }
      },
      {
        "package": "swift-collections",
        "repositoryURL": "https://github.com/apple/swift-collections",
        "state": {
          "branch": null,
          "revision": "48254824bb4248676bf7ce56014ff57b142b77eb",
          "version": "1.0.2"
        }
      },
      {
        "package": "swift-numerics",
        "repositoryURL": "https://github.com/apple/swift-numerics",
        "state": {
          "branch": null,
          "revision": "0a5bc04095a675662cf24757cc0640aa2204253b",
          "version": "1.0.2"
        }
      }
    ]
  },
  "version": 1
}
